# This file is automatically @generated by Cargo.
# It is not intended for manual editing.
[[package]]
name = "vk-sys"
version = "0.5.3"
source = "registry+https://github.com/rust-lang/crates.io-index"
checksum = "712e7b00b858d5a65e4272e3dfd83f795a31467ba67425d853f32b966a09c907"

[[package]]
name = "vulkanic"
version = "0.1.0"
dependencies = [
 "vk-sys",
]
